// !$*UTF8*$!
{
	archiveVersion = 1;
	classes = {
	};
	objectVersion = 50;
	objects = {

/* Begin PBXBuildFile section */
		EF8A6C54246BBAA200039DE6 /* AppDelegate.swift in Sources */ = {isa = PBXBuildFile; fileRef = EF8A6C53246BBAA200039DE6 /* AppDelegate.swift */; };
		EF8A6C56246BBAA200039DE6 /* SceneDelegate.swift in Sources */ = {isa = PBXBuildFile; fileRef = EF8A6C55246BBAA200039DE6 /* SceneDelegate.swift */; };
		EF8A6C58246BBAA200039DE6 /* ViewController.swift in Sources */ = {isa = PBXBuildFile; fileRef = EF8A6C57246BBAA200039DE6 /* ViewController.swift */; };
		EF8A6C5B246BBAA200039DE6 /* Main.storyboard in Resources */ = {isa = PBXBuildFile; fileRef = EF8A6C59246BBAA200039DE6 /* Main.storyboard */; };
		EF8A6C5D246BBAA600039DE6 /* Assets.xcassets in Resources */ = {isa = PBXBuildFile; fileRef = EF8A6C5C246BBAA600039DE6 /* Assets.xcassets */; };
		EF8A6C60246BBAA600039DE6 /* LaunchScreen.storyboard in Resources */ = {isa = PBXBuildFile; fileRef = EF8A6C5E246BBAA600039DE6 /* LaunchScreen.storyboard */; };
		EF8A6C6B246BBAA600039DE6 /* TechMonsterTests.swift in Sources */ = {isa = PBXBuildFile; fileRef = EF8A6C6A246BBAA600039DE6 /* TechMonsterTests.swift */; };
		EF8A6C76246BBAA600039DE6 /* TechMonsterUITests.swift in Sources */ = {isa = PBXBuildFile; fileRef = EF8A6C75246BBAA600039DE6 /* TechMonsterUITests.swift */; };
		EF8A6CAD246BD8BB00039DE6 /* LobbyViewController.swift in Sources */ = {isa = PBXBuildFile; fileRef = EF8A6CAC246BD8BB00039DE6 /* LobbyViewController.swift */; };
		EF8A6CAF246BD91100039DE6 /* BattleViewController.swift in Sources */ = {isa = PBXBuildFile; fileRef = EF8A6CAE246BD91100039DE6 /* BattleViewController.swift */; };
		EFAFD32D246D266A0083F8AD /* Character.swift in Sources */ = {isa = PBXBuildFile; fileRef = EFAFD32C246D266A0083F8AD /* Character.swift */; };
		EFAFD32F246D26810083F8AD /* TechMonManager.swift in Sources */ = {isa = PBXBuildFile; fileRef = EFAFD32E246D26810083F8AD /* TechMonManager.swift */; };
		EFAFD37C246E59A50083F8AD /* lobby.png in Resources */ = {isa = PBXBuildFile; fileRef = EFAFD367246E59A50083F8AD /* lobby.png */; };
		EFAFD37D246E59A50083F8AD /* lobby.png in Resources */ = {isa = PBXBuildFile; fileRef = EFAFD367246E59A50083F8AD /* lobby.png */; };
		EFAFD37E246E59A50083F8AD /* lobby.png in Resources */ = {isa = PBXBuildFile; fileRef = EFAFD367246E59A50083F8AD /* lobby.png */; };
		EFAFD37F246E59A50083F8AD /* battlebg.png in Resources */ = {isa = PBXBuildFile; fileRef = EFAFD368246E59A50083F8AD /* battlebg.png */; };
		EFAFD380246E59A50083F8AD /* battlebg.png in Resources */ = {isa = PBXBuildFile; fileRef = EFAFD368246E59A50083F8AD /* battlebg.png */; };
		EFAFD381246E59A50083F8AD /* battlebg.png in Resources */ = {isa = PBXBuildFile; fileRef = EFAFD368246E59A50083F8AD /* battlebg.png */; };
		EFAFD382246E59A50083F8AD /* bgimage.jpg in Resources */ = {isa = PBXBuildFile; fileRef = EFAFD369246E59A50083F8AD /* bgimage.jpg */; };
		EFAFD383246E59A50083F8AD /* bgimage.jpg in Resources */ = {isa = PBXBuildFile; fileRef = EFAFD369246E59A50083F8AD /* bgimage.jpg */; };
		EFAFD384246E59A50083F8AD /* bgimage.jpg in Resources */ = {isa = PBXBuildFile; fileRef = EFAFD369246E59A50083F8AD /* bgimage.jpg */; };
		EFAFD385246E59A50083F8AD /* waku.png in Resources */ = {isa = PBXBuildFile; fileRef = EFAFD36A246E59A50083F8AD /* waku.png */; };
		EFAFD386246E59A50083F8AD /* waku.png in Resources */ = {isa = PBXBuildFile; fileRef = EFAFD36A246E59A50083F8AD /* waku.png */; };
		EFAFD387246E59A50083F8AD /* waku.png in Resources */ = {isa = PBXBuildFile; fileRef = EFAFD36A246E59A50083F8AD /* waku.png */; };
		EFAFD388246E59A50083F8AD /* gold_button.png in Resources */ = {isa = PBXBuildFile; fileRef = EFAFD36B246E59A50083F8AD /* gold_button.png */; };
		EFAFD389246E59A50083F8AD /* gold_button.png in Resources */ = {isa = PBXBuildFile; fileRef = EFAFD36B246E59A50083F8AD /* gold_button.png */; };
		EFAFD38A246E59A50083F8AD /* gold_button.png in Resources */ = {isa = PBXBuildFile; fileRef = EFAFD36B246E59A50083F8AD /* gold_button.png */; };
		EFAFD38B246E59A50083F8AD /* yusya.png in Resources */ = {isa = PBXBuildFile; fileRef = EFAFD36C246E59A50083F8AD /* yusya.png */; };
		EFAFD38C246E59A50083F8AD /* yusya.png in Resources */ = {isa = PBXBuildFile; fileRef = EFAFD36C246E59A50083F8AD /* yusya.png */; };
		EFAFD38D246E59A50083F8AD /* yusya.png in Resources */ = {isa = PBXBuildFile; fileRef = EFAFD36C246E59A50083F8AD /* yusya.png */; };
		EFAFD38E246E59A50083F8AD /* monster.png in Resources */ = {isa = PBXBuildFile; fileRef = EFAFD36D246E59A50083F8AD /* monster.png */; };
		EFAFD38F246E59A50083F8AD /* monster.png in Resources */ = {isa = PBXBuildFile; fileRef = EFAFD36D246E59A50083F8AD /* monster.png */; };
		EFAFD390246E59A50083F8AD /* monster.png in Resources */ = {isa = PBXBuildFile; fileRef = EFAFD36D246E59A50083F8AD /* monster.png */; };
		EFAFD391246E59A50083F8AD /* Enemy.swift in Sources */ = {isa = PBXBuildFile; fileRef = EFAFD36F246E59A50083F8AD /* Enemy.swift */; };
		EFAFD392246E59A50083F8AD /* Enemy.swift in Sources */ = {isa = PBXBuildFile; fileRef = EFAFD36F246E59A50083F8AD /* Enemy.swift */; };
		EFAFD393246E59A50083F8AD /* Enemy.swift in Sources */ = {isa = PBXBuildFile; fileRef = EFAFD36F246E59A50083F8AD /* Enemy.swift */; };
		EFAFD394246E59A50083F8AD /* TechDraUtil.swift in Sources */ = {isa = PBXBuildFile; fileRef = EFAFD370246E59A50083F8AD /* TechDraUtil.swift */; };
		EFAFD395246E59A50083F8AD /* TechDraUtil.swift in Sources */ = {isa = PBXBuildFile; fileRef = EFAFD370246E59A50083F8AD /* TechDraUtil.swift */; };
		EFAFD396246E59A50083F8AD /* TechDraUtil.swift in Sources */ = {isa = PBXBuildFile; fileRef = EFAFD370246E59A50083F8AD /* TechDraUtil.swift */; };
		EFAFD397246E59A50083F8AD /* Player.swift in Sources */ = {isa = PBXBuildFile; fileRef = EFAFD371246E59A50083F8AD /* Player.swift */; };
		EFAFD398246E59A50083F8AD /* Player.swift in Sources */ = {isa = PBXBuildFile; fileRef = EFAFD371246E59A50083F8AD /* Player.swift */; };
		EFAFD399246E59A50083F8AD /* Player.swift in Sources */ = {isa = PBXBuildFile; fileRef = EFAFD371246E59A50083F8AD /* Player.swift */; };
		EFAFD39A246E59A50083F8AD /* SE_fanfare.mp3 in Resources */ = {isa = PBXBuildFile; fileRef = EFAFD373246E59A50083F8AD /* SE_fanfare.mp3 */; };
		EFAFD39B246E59A50083F8AD /* SE_fanfare.mp3 in Resources */ = {isa = PBXBuildFile; fileRef = EFAFD373246E59A50083F8AD /* SE_fanfare.mp3 */; };
		EFAFD39C246E59A50083F8AD /* SE_fanfare.mp3 in Resources */ = {isa = PBXBuildFile; fileRef = EFAFD373246E59A50083F8AD /* SE_fanfare.mp3 */; };
		EFAFD39D246E59A50083F8AD /* BGM_battle001.mp3 in Resources */ = {isa = PBXBuildFile; fileRef = EFAFD374246E59A50083F8AD /* BGM_battle001.mp3 */; };
		EFAFD39E246E59A50083F8AD /* BGM_battle001.mp3 in Resources */ = {isa = PBXBuildFile; fileRef = EFAFD374246E59A50083F8AD /* BGM_battle001.mp3 */; };
		EFAFD39F246E59A50083F8AD /* BGM_battle001.mp3 in Resources */ = {isa = PBXBuildFile; fileRef = EFAFD374246E59A50083F8AD /* BGM_battle001.mp3 */; };
		EFAFD3A0246E59A50083F8AD /* SE_fire.mp3 in Resources */ = {isa = PBXBuildFile; fileRef = EFAFD375246E59A50083F8AD /* SE_fire.mp3 */; };
		EFAFD3A1246E59A50083F8AD /* SE_fire.mp3 in Resources */ = {isa = PBXBuildFile; fileRef = EFAFD375246E59A50083F8AD /* SE_fire.mp3 */; };
		EFAFD3A2246E59A50083F8AD /* SE_fire.mp3 in Resources */ = {isa = PBXBuildFile; fileRef = EFAFD375246E59A50083F8AD /* SE_fire.mp3 */; };
		EFAFD3A3246E59A50083F8AD /* SE_attack.mp3 in Resources */ = {isa = PBXBuildFile; fileRef = EFAFD376246E59A50083F8AD /* SE_attack.mp3 */; };
		EFAFD3A4246E59A50083F8AD /* SE_attack.mp3 in Resources */ = {isa = PBXBuildFile; fileRef = EFAFD376246E59A50083F8AD /* SE_attack.mp3 */; };
		EFAFD3A5246E59A50083F8AD /* SE_attack.mp3 in Resources */ = {isa = PBXBuildFile; fileRef = EFAFD376246E59A50083F8AD /* SE_attack.mp3 */; };
		EFAFD3A6246E59A50083F8AD /* SE_gameover.mp3 in Resources */ = {isa = PBXBuildFile; fileRef = EFAFD377246E59A50083F8AD /* SE_gameover.mp3 */; };
		EFAFD3A7246E59A50083F8AD /* SE_gameover.mp3 in Resources */ = {isa = PBXBuildFile; fileRef = EFAFD377246E59A50083F8AD /* SE_gameover.mp3 */; };
		EFAFD3A8246E59A50083F8AD /* SE_gameover.mp3 in Resources */ = {isa = PBXBuildFile; fileRef = EFAFD377246E59A50083F8AD /* SE_gameover.mp3 */; };
		EFAFD3A9246E59A50083F8AD /* SE_charge.mp3 in Resources */ = {isa = PBXBuildFile; fileRef = EFAFD378246E59A50083F8AD /* SE_charge.mp3 */; };
		EFAFD3AA246E59A50083F8AD /* SE_charge.mp3 in Resources */ = {isa = PBXBuildFile; fileRef = EFAFD378246E59A50083F8AD /* SE_charge.mp3 */; };
		EFAFD3AB246E59A50083F8AD /* SE_charge.mp3 in Resources */ = {isa = PBXBuildFile; fileRef = EFAFD378246E59A50083F8AD /* SE_charge.mp3 */; };
		EFAFD3AC246E59A50083F8AD /* lobby.mp3 in Resources */ = {isa = PBXBuildFile; fileRef = EFAFD379246E59A50083F8AD /* lobby.mp3 */; };
		EFAFD3AD246E59A50083F8AD /* lobby.mp3 in Resources */ = {isa = PBXBuildFile; fileRef = EFAFD379246E59A50083F8AD /* lobby.mp3 */; };
		EFAFD3AE246E59A50083F8AD /* lobby.mp3 in Resources */ = {isa = PBXBuildFile; fileRef = EFAFD379246E59A50083F8AD /* lobby.mp3 */; };
		EFAFD3AF246E59A50083F8AD /* misaki_gothic.ttf in Resources */ = {isa = PBXBuildFile; fileRef = EFAFD37B246E59A50083F8AD /* misaki_gothic.ttf */; };
		EFAFD3B0246E59A50083F8AD /* misaki_gothic.ttf in Resources */ = {isa = PBXBuildFile; fileRef = EFAFD37B246E59A50083F8AD /* misaki_gothic.ttf */; };
		EFAFD3B1246E59A50083F8AD /* misaki_gothic.ttf in Resources */ = {isa = PBXBuildFile; fileRef = EFAFD37B246E59A50083F8AD /* misaki_gothic.ttf */; };
/* End PBXBuildFile section */

/* Begin PBXContainerItemProxy section */
		EF8A6C67246BBAA600039DE6 /* PBXContainerItemProxy */ = {
			isa = PBXContainerItemProxy;
			containerPortal = EF8A6C48246BBAA200039DE6 /* Project object */;
			proxyType = 1;
			remoteGlobalIDString = EF8A6C4F246BBAA200039DE6;
			remoteInfo = TechMonster;
		};
		EF8A6C72246BBAA600039DE6 /* PBXContainerItemProxy */ = {
			isa = PBXContainerItemProxy;
			containerPortal = EF8A6C48246BBAA200039DE6 /* Project object */;
			proxyType = 1;
			remoteGlobalIDString = EF8A6C4F246BBAA200039DE6;
			remoteInfo = TechMonster;
		};
/* End PBXContainerItemProxy section */

/* Begin PBXFileReference section */
		EF8A6C50246BBAA200039DE6 /* TechMonster.app */ = {isa = PBXFileReference; explicitFileType = wrapper.application; includeInIndex = 0; path = TechMonster.app; sourceTree = BUILT_PRODUCTS_DIR; };
		EF8A6C53246BBAA200039DE6 /* AppDelegate.swift */ = {isa = PBXFileReference; lastKnownFileType = sourcecode.swift; path = AppDelegate.swift; sourceTree = "<group>"; };
		EF8A6C55246BBAA200039DE6 /* SceneDelegate.swift */ = {isa = PBXFileReference; lastKnownFileType = sourcecode.swift; path = SceneDelegate.swift; sourceTree = "<group>"; };
		EF8A6C57246BBAA200039DE6 /* ViewController.swift */ = {isa = PBXFileReference; lastKnownFileType = sourcecode.swift; path = ViewController.swift; sourceTree = "<group>"; };
		EF8A6C5A246BBAA200039DE6 /* Base */ = {isa = PBXFileReference; lastKnownFileType = file.storyboard; name = Base; path = Base.lproj/Main.storyboard; sourceTree = "<group>"; };
		EF8A6C5C246BBAA600039DE6 /* Assets.xcassets */ = {isa = PBXFileReference; lastKnownFileType = folder.assetcatalog; path = Assets.xcassets; sourceTree = "<group>"; };
		EF8A6C5F246BBAA600039DE6 /* Base */ = {isa = PBXFileReference; lastKnownFileType = file.storyboard; name = Base; path = Base.lproj/LaunchScreen.storyboard; sourceTree = "<group>"; };
		EF8A6C61246BBAA600039DE6 /* Info.plist */ = {isa = PBXFileReference; lastKnownFileType = text.plist.xml; path = Info.plist; sourceTree = "<group>"; };
		EF8A6C66246BBAA600039DE6 /* TechMonsterTests.xctest */ = {isa = PBXFileReference; explicitFileType = wrapper.cfbundle; includeInIndex = 0; path = TechMonsterTests.xctest; sourceTree = BUILT_PRODUCTS_DIR; };
		EF8A6C6A246BBAA600039DE6 /* TechMonsterTests.swift */ = {isa = PBXFileReference; lastKnownFileType = sourcecode.swift; path = TechMonsterTests.swift; sourceTree = "<group>"; };
		EF8A6C6C246BBAA600039DE6 /* Info.plist */ = {isa = PBXFileReference; lastKnownFileType = text.plist.xml; path = Info.plist; sourceTree = "<group>"; };
		EF8A6C71246BBAA600039DE6 /* TechMonsterUITests.xctest */ = {isa = PBXFileReference; explicitFileType = wrapper.cfbundle; includeInIndex = 0; path = TechMonsterUITests.xctest; sourceTree = BUILT_PRODUCTS_DIR; };
		EF8A6C75246BBAA600039DE6 /* TechMonsterUITests.swift */ = {isa = PBXFileReference; lastKnownFileType = sourcecode.swift; path = TechMonsterUITests.swift; sourceTree = "<group>"; };
		EF8A6C77246BBAA600039DE6 /* Info.plist */ = {isa = PBXFileReference; lastKnownFileType = text.plist.xml; path = Info.plist; sourceTree = "<group>"; };
		EF8A6CAC246BD8BB00039DE6 /* LobbyViewController.swift */ = {isa = PBXFileReference; lastKnownFileType = sourcecode.swift; path = LobbyViewController.swift; sourceTree = "<group>"; };
		EF8A6CAE246BD91100039DE6 /* BattleViewController.swift */ = {isa = PBXFileReference; lastKnownFileType = sourcecode.swift; path = BattleViewController.swift; sourceTree = "<group>"; };
		EFAFD32C246D266A0083F8AD /* Character.swift */ = {isa = PBXFileReference; lastKnownFileType = sourcecode.swift; path = Character.swift; sourceTree = "<group>"; };
		EFAFD32E246D26810083F8AD /* TechMonManager.swift */ = {isa = PBXFileReference; lastKnownFileType = sourcecode.swift; path = TechMonManager.swift; sourceTree = "<group>"; };
		EFAFD367246E59A50083F8AD /* lobby.png */ = {isa = PBXFileReference; lastKnownFileType = image.png; path = lobby.png; sourceTree = "<group>"; };
		EFAFD368246E59A50083F8AD /* battlebg.png */ = {isa = PBXFileReference; lastKnownFileType = image.png; path = battlebg.png; sourceTree = "<group>"; };
		EFAFD369246E59A50083F8AD /* bgimage.jpg */ = {isa = PBXFileReference; lastKnownFileType = image.jpeg; path = bgimage.jpg; sourceTree = "<group>"; };
		EFAFD36A246E59A50083F8AD /* waku.png */ = {isa = PBXFileReference; lastKnownFileType = image.png; path = waku.png; sourceTree = "<group>"; };
		EFAFD36B246E59A50083F8AD /* gold_button.png */ = {isa = PBXFileReference; lastKnownFileType = image.png; path = gold_button.png; sourceTree = "<group>"; };
		EFAFD36C246E59A50083F8AD /* yusya.png */ = {isa = PBXFileReference; lastKnownFileType = image.png; path = yusya.png; sourceTree = "<group>"; };
		EFAFD36D246E59A50083F8AD /* monster.png */ = {isa = PBXFileReference; lastKnownFileType = image.png; path = monster.png; sourceTree = "<group>"; };
		EFAFD36F246E59A50083F8AD /* Enemy.swift */ = {isa = PBXFileReference; fileEncoding = 4; lastKnownFileType = sourcecode.swift; path = Enemy.swift; sourceTree = "<group>"; };
		EFAFD370246E59A50083F8AD /* TechDraUtil.swift */ = {isa = PBXFileReference; fileEncoding = 4; lastKnownFileType = sourcecode.swift; path = TechDraUtil.swift; sourceTree = "<group>"; };
		EFAFD371246E59A50083F8AD /* Player.swift */ = {isa = PBXFileReference; fileEncoding = 4; lastKnownFileType = sourcecode.swift; path = Player.swift; sourceTree = "<group>"; };
		EFAFD373246E59A50083F8AD /* SE_fanfare.mp3 */ = {isa = PBXFileReference; lastKnownFileType = audio.mp3; path = SE_fanfare.mp3; sourceTree = "<group>"; };
		EFAFD374246E59A50083F8AD /* BGM_battle001.mp3 */ = {isa = PBXFileReference; lastKnownFileType = audio.mp3; path = BGM_battle001.mp3; sourceTree = "<group>"; };
		EFAFD375246E59A50083F8AD /* SE_fire.mp3 */ = {isa = PBXFileReference; lastKnownFileType = audio.mp3; path = SE_fire.mp3; sourceTree = "<group>"; };
		EFAFD376246E59A50083F8AD /* SE_attack.mp3 */ = {isa = PBXFileReference; lastKnownFileType = audio.mp3; path = SE_attack.mp3; sourceTree = "<group>"; };
		EFAFD377246E59A50083F8AD /* SE_gameover.mp3 */ = {isa = PBXFileReference; lastKnownFileType = audio.mp3; path = SE_gameover.mp3; sourceTree = "<group>"; };
		EFAFD378246E59A50083F8AD /* SE_charge.mp3 */ = {isa = PBXFileReference; lastKnownFileType = audio.mp3; path = SE_charge.mp3; sourceTree = "<group>"; };
		EFAFD379246E59A50083F8AD /* lobby.mp3 */ = {isa = PBXFileReference; lastKnownFileType = audio.mp3; path = lobby.mp3; sourceTree = "<group>"; };
		EFAFD37B246E59A50083F8AD /* misaki_gothic.ttf */ = {isa = PBXFileReference; lastKnownFileType = file; path = misaki_gothic.ttf; sourceTree = "<group>"; };
/* End PBXFileReference section */

/* Begin PBXFrameworksBuildPhase section */
		EF8A6C4D246BBAA200039DE6 /* Frameworks */ = {
			isa = PBXFrameworksBuildPhase;
			buildActionMask = 2147483647;
			files = (
			);
			runOnlyForDeploymentPostprocessing = 0;
		};
		EF8A6C63246BBAA600039DE6 /* Frameworks */ = {
			isa = PBXFrameworksBuildPhase;
			buildActionMask = 2147483647;
			files = (
			);
			runOnlyForDeploymentPostprocessing = 0;
		};
		EF8A6C6E246BBAA600039DE6 /* Frameworks */ = {
			isa = PBXFrameworksBuildPhase;
			buildActionMask = 2147483647;
			files = (
			);
			runOnlyForDeploymentPostprocessing = 0;
		};
/* End PBXFrameworksBuildPhase section */

/* Begin PBXGroup section */
		EF8A6C47246BBAA200039DE6 = {
			isa = PBXGroup;
			children = (
				EF8A6C52246BBAA200039DE6 /* TechMonster */,
				EF8A6C69246BBAA600039DE6 /* TechMonsterTests */,
				EF8A6C74246BBAA600039DE6 /* TechMonsterUITests */,
				EF8A6C51246BBAA200039DE6 /* Products */,
			);
			sourceTree = "<group>";
		};
		EF8A6C51246BBAA200039DE6 /* Products */ = {
			isa = PBXGroup;
			children = (
				EF8A6C50246BBAA200039DE6 /* TechMonster.app */,
				EF8A6C66246BBAA600039DE6 /* TechMonsterTests.xctest */,
				EF8A6C71246BBAA600039DE6 /* TechMonsterUITests.xctest */,
			);
			name = Products;
			sourceTree = "<group>";
		};
		EF8A6C52246BBAA200039DE6 /* TechMonster */ = {
			isa = PBXGroup;
			children = (
				EFAFD365246E59A50083F8AD /* TechMon_Resources */,
				EF8A6C53246BBAA200039DE6 /* AppDelegate.swift */,
				EFAFD32E246D26810083F8AD /* TechMonManager.swift */,
				EF8A6C55246BBAA200039DE6 /* SceneDelegate.swift */,
				EF8A6C57246BBAA200039DE6 /* ViewController.swift */,
				EFAFD32C246D266A0083F8AD /* Character.swift */,
				EF8A6C59246BBAA200039DE6 /* Main.storyboard */,
				EF8A6C5C246BBAA600039DE6 /* Assets.xcassets */,
				EF8A6C5E246BBAA600039DE6 /* LaunchScreen.storyboard */,
				EF8A6C61246BBAA600039DE6 /* Info.plist */,
				EF8A6CAC246BD8BB00039DE6 /* LobbyViewController.swift */,
				EF8A6CAE246BD91100039DE6 /* BattleViewController.swift */,
			);
			path = TechMonster;
			sourceTree = "<group>";
		};
		EF8A6C69246BBAA600039DE6 /* TechMonsterTests */ = {
			isa = PBXGroup;
			children = (
				EF8A6C6A246BBAA600039DE6 /* TechMonsterTests.swift */,
				EF8A6C6C246BBAA600039DE6 /* Info.plist */,
			);
			path = TechMonsterTests;
			sourceTree = "<group>";
		};
		EF8A6C74246BBAA600039DE6 /* TechMonsterUITests */ = {
			isa = PBXGroup;
			children = (
				EF8A6C75246BBAA600039DE6 /* TechMonsterUITests.swift */,
				EF8A6C77246BBAA600039DE6 /* Info.plist */,
			);
			path = TechMonsterUITests;
			sourceTree = "<group>";
		};
		EFAFD365246E59A50083F8AD /* TechMon_Resources */ = {
			isa = PBXGroup;
			children = (
				EFAFD366246E59A50083F8AD /* Images */,
				EFAFD36E246E59A50083F8AD /* Models */,
				EFAFD372246E59A50083F8AD /* Sounds */,
				EFAFD37A246E59A50083F8AD /* Fonts */,
			);
			path = TechMon_Resources;
			sourceTree = SOURCE_ROOT;
		};
		EFAFD366246E59A50083F8AD /* Images */ = {
			isa = PBXGroup;
			children = (
				EFAFD367246E59A50083F8AD /* lobby.png */,
				EFAFD368246E59A50083F8AD /* battlebg.png */,
				EFAFD369246E59A50083F8AD /* bgimage.jpg */,
				EFAFD36A246E59A50083F8AD /* waku.png */,
				EFAFD36B246E59A50083F8AD /* gold_button.png */,
				EFAFD36C246E59A50083F8AD /* yusya.png */,
				EFAFD36D246E59A50083F8AD /* monster.png */,
			);
			path = Images;
			sourceTree = "<group>";
		};
		EFAFD36E246E59A50083F8AD /* Models */ = {
			isa = PBXGroup;
			children = (
				EFAFD36F246E59A50083F8AD /* Enemy.swift */,
				EFAFD370246E59A50083F8AD /* TechDraUtil.swift */,
				EFAFD371246E59A50083F8AD /* Player.swift */,
			);
			path = Models;
			sourceTree = "<group>";
		};
		EFAFD372246E59A50083F8AD /* Sounds */ = {
			isa = PBXGroup;
			children = (
				EFAFD373246E59A50083F8AD /* SE_fanfare.mp3 */,
				EFAFD374246E59A50083F8AD /* BGM_battle001.mp3 */,
				EFAFD375246E59A50083F8AD /* SE_fire.mp3 */,
				EFAFD376246E59A50083F8AD /* SE_attack.mp3 */,
				EFAFD377246E59A50083F8AD /* SE_gameover.mp3 */,
				EFAFD378246E59A50083F8AD /* SE_charge.mp3 */,
				EFAFD379246E59A50083F8AD /* lobby.mp3 */,
			);
			path = Sounds;
			sourceTree = "<group>";
		};
		EFAFD37A246E59A50083F8AD /* Fonts */ = {
			isa = PBXGroup;
			children = (
				EFAFD37B246E59A50083F8AD /* misaki_gothic.ttf */,
			);
			path = Fonts;
			sourceTree = "<group>";
		};
/* End PBXGroup section */

/* Begin PBXNativeTarget section */
		EF8A6C4F246BBAA200039DE6 /* TechMonster */ = {
			isa = PBXNativeTarget;
			buildConfigurationList = EF8A6C7A246BBAA600039DE6 /* Build configuration list for PBXNativeTarget "TechMonster" */;
			buildPhases = (
				EF8A6C4C246BBAA200039DE6 /* Sources */,
				EF8A6C4D246BBAA200039DE6 /* Frameworks */,
				EF8A6C4E246BBAA200039DE6 /* Resources */,
			);
			buildRules = (
			);
			dependencies = (
			);
			name = TechMonster;
			productName = TechMonster;
			productReference = EF8A6C50246BBAA200039DE6 /* TechMonster.app */;
			productType = "com.apple.product-type.application";
		};
		EF8A6C65246BBAA600039DE6 /* TechMonsterTests */ = {
			isa = PBXNativeTarget;
			buildConfigurationList = EF8A6C7D246BBAA600039DE6 /* Build configuration list for PBXNativeTarget "TechMonsterTests" */;
			buildPhases = (
				EF8A6C62246BBAA600039DE6 /* Sources */,
				EF8A6C63246BBAA600039DE6 /* Frameworks */,
				EF8A6C64246BBAA600039DE6 /* Resources */,
			);
			buildRules = (
			);
			dependencies = (
				EF8A6C68246BBAA600039DE6 /* PBXTargetDependency */,
			);
			name = TechMonsterTests;
			productName = TechMonsterTests;
			productReference = EF8A6C66246BBAA600039DE6 /* TechMonsterTests.xctest */;
			productType = "com.apple.product-type.bundle.unit-test";
		};
		EF8A6C70246BBAA600039DE6 /* TechMonsterUITests */ = {
			isa = PBXNativeTarget;
			buildConfigurationList = EF8A6C80246BBAA600039DE6 /* Build configuration list for PBXNativeTarget "TechMonsterUITests" */;
			buildPhases = (
				EF8A6C6D246BBAA600039DE6 /* Sources */,
				EF8A6C6E246BBAA600039DE6 /* Frameworks */,
				EF8A6C6F246BBAA600039DE6 /* Resources */,
			);
			buildRules = (
			);
			dependencies = (
				EF8A6C73246BBAA600039DE6 /* PBXTargetDependency */,
			);
			name = TechMonsterUITests;
			productName = TechMonsterUITests;
			productReference = EF8A6C71246BBAA600039DE6 /* TechMonsterUITests.xctest */;
			productType = "com.apple.product-type.bundle.ui-testing";
		};
/* End PBXNativeTarget section */

/* Begin PBXProject section */
		EF8A6C48246BBAA200039DE6 /* Project object */ = {
			isa = PBXProject;
			attributes = {
				LastSwiftUpdateCheck = 1140;
				LastUpgradeCheck = 1140;
				ORGANIZATIONNAME = "Fukui Ayanon";
				TargetAttributes = {
					EF8A6C4F246BBAA200039DE6 = {
						CreatedOnToolsVersion = 11.4.1;
					};
					EF8A6C65246BBAA600039DE6 = {
						CreatedOnToolsVersion = 11.4.1;
						TestTargetID = EF8A6C4F246BBAA200039DE6;
					};
					EF8A6C70246BBAA600039DE6 = {
						CreatedOnToolsVersion = 11.4.1;
						TestTargetID = EF8A6C4F246BBAA200039DE6;
					};
				};
			};
			buildConfigurationList = EF8A6C4B246BBAA200039DE6 /* Build configuration list for PBXProject "TechMonster" */;
			compatibilityVersion = "Xcode 9.3";
			developmentRegion = en;
			hasScannedForEncodings = 0;
			knownRegions = (
				en,
				Base,
			);
			mainGroup = EF8A6C47246BBAA200039DE6;
			productRefGroup = EF8A6C51246BBAA200039DE6 /* Products */;
			projectDirPath = "";
			projectRoot = "";
			targets = (
				EF8A6C4F246BBAA200039DE6 /* TechMonster */,
				EF8A6C65246BBAA600039DE6 /* TechMonsterTests */,
				EF8A6C70246BBAA600039DE6 /* TechMonsterUITests */,
			);
		};
/* End PBXProject section */

/* Begin PBXResourcesBuildPhase section */
		EF8A6C4E246BBAA200039DE6 /* Resources */ = {
			isa = PBXResourcesBuildPhase;
			buildActionMask = 2147483647;
			files = (
				EFAFD38B246E59A50083F8AD /* yusya.png in Resources */,
				EFAFD382246E59A50083F8AD /* bgimage.jpg in Resources */,
				EFAFD385246E59A50083F8AD /* waku.png in Resources */,
				EFAFD39A246E59A50083F8AD /* SE_fanfare.mp3 in Resources */,
				EFAFD37C246E59A50083F8AD /* lobby.png in Resources */,
				EFAFD388246E59A50083F8AD /* gold_button.png in Resources */,
				EFAFD3A3246E59A50083F8AD /* SE_attack.mp3 in Resources */,
				EF8A6C60246BBAA600039DE6 /* LaunchScreen.storyboard in Resources */,
				EFAFD3AC246E59A50083F8AD /* lobby.mp3 in Resources */,
				EF8A6C5D246BBAA600039DE6 /* Assets.xcassets in Resources */,
				EFAFD3AF246E59A50083F8AD /* misaki_gothic.ttf in Resources */,
				EFAFD3A6246E59A50083F8AD /* SE_gameover.mp3 in Resources */,
				EFAFD37F246E59A50083F8AD /* battlebg.png in Resources */,
				EFAFD39D246E59A50083F8AD /* BGM_battle001.mp3 in Resources */,
				EFAFD3A9246E59A50083F8AD /* SE_charge.mp3 in Resources */,
				EFAFD3A0246E59A50083F8AD /* SE_fire.mp3 in Resources */,
				EFAFD38E246E59A50083F8AD /* monster.png in Resources */,
				EF8A6C5B246BBAA200039DE6 /* Main.storyboard in Resources */,
			);
			runOnlyForDeploymentPostprocessing = 0;
		};
		EF8A6C64246BBAA600039DE6 /* Resources */ = {
			isa = PBXResourcesBuildPhase;
			buildActionMask = 2147483647;
			files = (
				EFAFD3AA246E59A50083F8AD /* SE_charge.mp3 in Resources */,
				EFAFD3AD246E59A50083F8AD /* lobby.mp3 in Resources */,
				EFAFD39E246E59A50083F8AD /* BGM_battle001.mp3 in Resources */,
				EFAFD383246E59A50083F8AD /* bgimage.jpg in Resources */,
				EFAFD3A1246E59A50083F8AD /* SE_fire.mp3 in Resources */,
				EFAFD380246E59A50083F8AD /* battlebg.png in Resources */,
				EFAFD37D246E59A50083F8AD /* lobby.png in Resources */,
				EFAFD38C246E59A50083F8AD /* yusya.png in Resources */,
				EFAFD3A7246E59A50083F8AD /* SE_gameover.mp3 in Resources */,
				EFAFD389246E59A50083F8AD /* gold_button.png in Resources */,
				EFAFD38F246E59A50083F8AD /* monster.png in Resources */,
				EFAFD3A4246E59A50083F8AD /* SE_attack.mp3 in Resources */,
				EFAFD39B246E59A50083F8AD /* SE_fanfare.mp3 in Resources */,
				EFAFD3B0246E59A50083F8AD /* misaki_gothic.ttf in Resources */,
				EFAFD386246E59A50083F8AD /* waku.png in Resources */,
			);
			runOnlyForDeploymentPostprocessing = 0;
		};
		EF8A6C6F246BBAA600039DE6 /* Resources */ = {
			isa = PBXResourcesBuildPhase;
			buildActionMask = 2147483647;
			files = (
				EFAFD3AB246E59A50083F8AD /* SE_charge.mp3 in Resources */,
				EFAFD3AE246E59A50083F8AD /* lobby.mp3 in Resources */,
				EFAFD39F246E59A50083F8AD /* BGM_battle001.mp3 in Resources */,
				EFAFD384246E59A50083F8AD /* bgimage.jpg in Resources */,
				EFAFD3A2246E59A50083F8AD /* SE_fire.mp3 in Resources */,
				EFAFD381246E59A50083F8AD /* battlebg.png in Resources */,
				EFAFD37E246E59A50083F8AD /* lobby.png in Resources */,
				EFAFD38D246E59A50083F8AD /* yusya.png in Resources */,
				EFAFD3A8246E59A50083F8AD /* SE_gameover.mp3 in Resources */,
				EFAFD38A246E59A50083F8AD /* gold_button.png in Resources */,
				EFAFD390246E59A50083F8AD /* monster.png in Resources */,
				EFAFD3A5246E59A50083F8AD /* SE_attack.mp3 in Resources */,
				EFAFD39C246E59A50083F8AD /* SE_fanfare.mp3 in Resources */,
				EFAFD3B1246E59A50083F8AD /* misaki_gothic.ttf in Resources */,
				EFAFD387246E59A50083F8AD /* waku.png in Resources */,
			);
			runOnlyForDeploymentPostprocessing = 0;
		};
/* End PBXResourcesBuildPhase section */

/* Begin PBXSourcesBuildPhase section */
		EF8A6C4C246BBAA200039DE6 /* Sources */ = {
			isa = PBXSourcesBuildPhase;
			buildActionMask = 2147483647;
			files = (
				EF8A6CAF246BD91100039DE6 /* BattleViewController.swift in Sources */,
				EFAFD32F246D26810083F8AD /* TechMonManager.swift in Sources */,
				EF8A6C58246BBAA200039DE6 /* ViewController.swift in Sources */,
				EF8A6C54246BBAA200039DE6 /* AppDelegate.swift in Sources */,
				EFAFD391246E59A50083F8AD /* Enemy.swift in Sources */,
				EF8A6C56246BBAA200039DE6 /* SceneDelegate.swift in Sources */,
				EFAFD394246E59A50083F8AD /* TechDraUtil.swift in Sources */,
				EF8A6CAD246BD8BB00039DE6 /* LobbyViewController.swift in Sources */,
				EFAFD397246E59A50083F8AD /* Player.swift in Sources */,
				EFAFD32D246D266A0083F8AD /* Character.swift in Sources */,
			);
			runOnlyForDeploymentPostprocessing = 0;
		};
		EF8A6C62246BBAA600039DE6 /* Sources */ = {
			isa = PBXSourcesBuildPhase;
			buildActionMask = 2147483647;
			files = (
				EFAFD398246E59A50083F8AD /* Player.swift in Sources */,
				EFAFD395246E59A50083F8AD /* TechDraUtil.swift in Sources */,
				EFAFD392246E59A50083F8AD /* Enemy.swift in Sources */,
				EF8A6C6B246BBAA600039DE6 /* TechMonsterTests.swift in Sources */,
			);
			runOnlyForDeploymentPostprocessing = 0;
		};
		EF8A6C6D246BBAA600039DE6 /* Sources */ = {
			isa = PBXSourcesBuildPhase;
			buildActionMask = 2147483647;
			files = (
				EFAFD399246E59A50083F8AD /* Player.swift in Sources */,
				EFAFD396246E59A50083F8AD /* TechDraUtil.swift in Sources */,
				EFAFD393246E59A50083F8AD /* Enemy.swift in Sources */,
				EF8A6C76246BBAA600039DE6 /* TechMonsterUITests.swift in Sources */,
			);
			runOnlyForDeploymentPostprocessing = 0;
		};
/* End PBXSourcesBuildPhase section */

/* Begin PBXTargetDependency section */
		EF8A6C68246BBAA600039DE6 /* PBXTargetDependency */ = {
			isa = PBXTargetDependency;
			target = EF8A6C4F246BBAA200039DE6 /* TechMonster */;
			targetProxy = EF8A6C67246BBAA600039DE6 /* PBXContainerItemProxy */;
		};
		EF8A6C73246BBAA600039DE6 /* PBXTargetDependency */ = {
			isa = PBXTargetDependency;
			target = EF8A6C4F246BBAA200039DE6 /* TechMonster */;
			targetProxy = EF8A6C72246BBAA600039DE6 /* PBXContainerItemProxy */;
		};
/* End PBXTargetDependency section */

/* Begin PBXVariantGroup section */
		EF8A6C59246BBAA200039DE6 /* Main.storyboard */ = {
			isa = PBXVariantGroup;
			children = (
				EF8A6C5A246BBAA200039DE6 /* Base */,
			);
			name = Main.storyboard;
			sourceTree = "<group>";
		};
		EF8A6C5E246BBAA600039DE6 /* LaunchScreen.storyboard */ = {
			isa = PBXVariantGroup;
			children = (
				EF8A6C5F246BBAA600039DE6 /* Base */,
			);
			name = LaunchScreen.storyboard;
			sourceTree = "<group>";
		};
/* End PBXVariantGroup section */

/* Begin XCBuildConfiguration section */
		EF8A6C78246BBAA600039DE6 /* Debug */ = {
			isa = XCBuildConfiguration;
			buildSettings = {
				ALWAYS_SEARCH_USER_PATHS = NO;
				CLANG_ANALYZER_NONNULL = YES;
				CLANG_ANALYZER_NUMBER_OBJECT_CONVERSION = YES_AGGRESSIVE;
				CLANG_CXX_LANGUAGE_STANDARD = "gnu++14";
				CLANG_CXX_LIBRARY = "libc++";
				CLANG_ENABLE_MODULES = YES;
				CLANG_ENABLE_OBJC_ARC = YES;
				CLANG_ENABLE_OBJC_WEAK = YES;
				CLANG_WARN_BLOCK_CAPTURE_AUTORELEASING = YES;
				CLANG_WARN_BOOL_CONVERSION = YES;
				CLANG_WARN_COMMA = YES;
				CLANG_WARN_CONSTANT_CONVERSION = YES;
				CLANG_WARN_DEPRECATED_OBJC_IMPLEMENTATIONS = YES;
				CLANG_WARN_DIRECT_OBJC_ISA_USAGE = YES_ERROR;
				CLANG_WARN_DOCUMENTATION_COMMENTS = YES;
				CLANG_WARN_EMPTY_BODY = YES;
				CLANG_WARN_ENUM_CONVERSION = YES;
				CLANG_WARN_INFINITE_RECURSION = YES;
				CLANG_WARN_INT_CONVERSION = YES;
				CLANG_WARN_NON_LITERAL_NULL_CONVERSION = YES;
				CLANG_WARN_OBJC_IMPLICIT_RETAIN_SELF = YES;
				CLANG_WARN_OBJC_LITERAL_CONVERSION = YES;
				CLANG_WARN_OBJC_ROOT_CLASS = YES_ERROR;
				CLANG_WARN_RANGE_LOOP_ANALYSIS = YES;
				CLANG_WARN_STRICT_PROTOTYPES = YES;
				CLANG_WARN_SUSPICIOUS_MOVE = YES;
				CLANG_WARN_UNGUARDED_AVAILABILITY = YES_AGGRESSIVE;
				CLANG_WARN_UNREACHABLE_CODE = YES;
				CLANG_WARN__DUPLICATE_METHOD_MATCH = YES;
				COPY_PHASE_STRIP = NO;
				DEBUG_INFORMATION_FORMAT = dwarf;
				ENABLE_STRICT_OBJC_MSGSEND = YES;
				ENABLE_TESTABILITY = YES;
				GCC_C_LANGUAGE_STANDARD = gnu11;
				GCC_DYNAMIC_NO_PIC = NO;
				GCC_NO_COMMON_BLOCKS = YES;
				GCC_OPTIMIZATION_LEVEL = 0;
				GCC_PREPROCESSOR_DEFINITIONS = (
					"DEBUG=1",
					"$(inherited)",
				);
				GCC_WARN_64_TO_32_BIT_CONVERSION = YES;
				GCC_WARN_ABOUT_RETURN_TYPE = YES_ERROR;
				GCC_WARN_UNDECLARED_SELECTOR = YES;
				GCC_WARN_UNINITIALIZED_AUTOS = YES_AGGRESSIVE;
				GCC_WARN_UNUSED_FUNCTION = YES;
				GCC_WARN_UNUSED_VARIABLE = YES;
				IPHONEOS_DEPLOYMENT_TARGET = 13.4;
				MTL_ENABLE_DEBUG_INFO = INCLUDE_SOURCE;
				MTL_FAST_MATH = YES;
				ONLY_ACTIVE_ARCH = YES;
				SDKROOT = iphoneos;
				SWIFT_ACTIVE_COMPILATION_CONDITIONS = DEBUG;
				SWIFT_OPTIMIZATION_LEVEL = "-Onone";
			};
			name = Debug;
		};
		EF8A6C79246BBAA600039DE6 /* Release */ = {
			isa = XCBuildConfiguration;
			buildSettings = {
				ALWAYS_SEARCH_USER_PATHS = NO;
				CLANG_ANALYZER_NONNULL = YES;
				CLANG_ANALYZER_NUMBER_OBJECT_CONVERSION = YES_AGGRESSIVE;
				CLANG_CXX_LANGUAGE_STANDARD = "gnu++14";
				CLANG_CXX_LIBRARY = "libc++";
				CLANG_ENABLE_MODULES = YES;
				CLANG_ENABLE_OBJC_ARC = YES;
				CLANG_ENABLE_OBJC_WEAK = YES;
				CLANG_WARN_BLOCK_CAPTURE_AUTORELEASING = YES;
				CLANG_WARN_BOOL_CONVERSION = YES;
				CLANG_WARN_COMMA = YES;
				CLANG_WARN_CONSTANT_CONVERSION = YES;
				CLANG_WARN_DEPRECATED_OBJC_IMPLEMENTATIONS = YES;
				CLANG_WARN_DIRECT_OBJC_ISA_USAGE = YES_ERROR;
				CLANG_WARN_DOCUMENTATION_COMMENTS = YES;
				CLANG_WARN_EMPTY_BODY = YES;
				CLANG_WARN_ENUM_CONVERSION = YES;
				CLANG_WARN_INFINITE_RECURSION = YES;
				CLANG_WARN_INT_CONVERSION = YES;
				CLANG_WARN_NON_LITERAL_NULL_CONVERSION = YES;
				CLANG_WARN_OBJC_IMPLICIT_RETAIN_SELF = YES;
				CLANG_WARN_OBJC_LITERAL_CONVERSION = YES;
				CLANG_WARN_OBJC_ROOT_CLASS = YES_ERROR;
				CLANG_WARN_RANGE_LOOP_ANALYSIS = YES;
				CLANG_WARN_STRICT_PROTOTYPES = YES;
				CLANG_WARN_SUSPICIOUS_MOVE = YES;
				CLANG_WARN_UNGUARDED_AVAILABILITY = YES_AGGRESSIVE;
				CLANG_WARN_UNREACHABLE_CODE = YES;
				CLANG_WARN__DUPLICATE_METHOD_MATCH = YES;
				COPY_PHASE_STRIP = NO;
				DEBUG_INFORMATION_FORMAT = "dwarf-with-dsym";
				ENABLE_NS_ASSERTIONS = NO;
				ENABLE_STRICT_OBJC_MSGSEND = YES;
				GCC_C_LANGUAGE_STANDARD = gnu11;
				GCC_NO_COMMON_BLOCKS = YES;
				GCC_WARN_64_TO_32_BIT_CONVERSION = YES;
				GCC_WARN_ABOUT_RETURN_TYPE = YES_ERROR;
				GCC_WARN_UNDECLARED_SELECTOR = YES;
				GCC_WARN_UNINITIALIZED_AUTOS = YES_AGGRESSIVE;
				GCC_WARN_UNUSED_FUNCTION = YES;
				GCC_WARN_UNUSED_VARIABLE = YES;
				IPHONEOS_DEPLOYMENT_TARGET = 13.4;
				MTL_ENABLE_DEBUG_INFO = NO;
				MTL_FAST_MATH = YES;
				SDKROOT = iphoneos;
				SWIFT_COMPILATION_MODE = wholemodule;
				SWIFT_OPTIMIZATION_LEVEL = "-O";
				VALIDATE_PRODUCT = YES;
			};
			name = Release;
		};
		EF8A6C7B246BBAA600039DE6 /* Debug */ = {
			isa = XCBuildConfiguration;
			buildSettings = {
				ASSETCATALOG_COMPILER_APPICON_NAME = AppIcon;
				CODE_SIGN_STYLE = Automatic;
				DEVELOPMENT_TEAM = DAY2YVU369;
				INFOPLIST_FILE = TechMonster/Info.plist;
				IPHONEOS_DEPLOYMENT_TARGET = 13.3;
				LD_RUNPATH_SEARCH_PATHS = (
					"$(inherited)",
					"@executable_path/Frameworks",
				);
				PRODUCT_BUNDLE_IDENTIFIER = app.Ayanon.Fukui.TechMonster;
				PRODUCT_NAME = "$(TARGET_NAME)";
				SWIFT_VERSION = 5.0;
				TARGETED_DEVICE_FAMILY = "1,2";
			};
			name = Debug;
		};
		EF8A6C7C246BBAA600039DE6 /* Release */ = {
			isa = XCBuildConfiguration;
			buildSettings = {
				ASSETCATALOG_COMPILER_APPICON_NAME = AppIcon;
				CODE_SIGN_STYLE = Automatic;
				DEVELOPMENT_TEAM = DAY2YVU369;
				INFOPLIST_FILE = TechMonster/Info.plist;
				IPHONEOS_DEPLOYMENT_TARGET = 13.3;
				LD_RUNPATH_SEARCH_PATHS = (
					"$(inherited)",
					"@executable_path/Frameworks",
				);
				PRODUCT_BUNDLE_IDENTIFIER = app.Ayanon.Fukui.TechMonster;
				PRODUCT_NAME = "$(TARGET_NAME)";
				SWIFT_VERSION = 5.0;
				TARGETED_DEVICE_FAMILY = "1,2";
			};
			name = Release;
		};
		EF8A6C7E246BBAA600039DE6 /* Debug */ = {
			isa = XCBuildConfiguration;
			buildSettings = {
				ALWAYS_EMBED_SWIFT_STANDARD_LIBRARIES = YES;
				BUNDLE_LOADER = "$(TEST_HOST)";
				CODE_SIGN_STYLE = Automatic;
				DEVELOPMENT_TEAM = DAY2YVU369;
				INFOPLIST_FILE = TechMonsterTests/Info.plist;
				IPHONEOS_DEPLOYMENT_TARGET = 13.4;
				LD_RUNPATH_SEARCH_PATHS = (
					"$(inherited)",
					"@executable_path/Frameworks",
					"@loader_path/Frameworks",
				);
				PRODUCT_BUNDLE_IDENTIFIER = app.Ayanon.Fukui.TechMonsterTests;
				PRODUCT_NAME = "$(TARGET_NAME)";
				SWIFT_VERSION = 5.0;
				TARGETED_DEVICE_FAMILY = "1,2";
				TEST_HOST = "$(BUILT_PRODUCTS_DIR)/TechMonster.app/TechMonster";
			};
			name = Debug;
		};
		EF8A6C7F246BBAA600039DE6 /* Release */ = {
			isa = XCBuildConfiguration;
			buildSettings = {
				ALWAYS_EMBED_SWIFT_STANDARD_LIBRARIES = YES;
				BUNDLE_LOADER = "$(TEST_HOST)";
				CODE_SIGN_STYLE = Automatic;
				DEVELOPMENT_TEAM = DAY2YVU369;
				INFOPLIST_FILE = TechMonsterTests/Info.plist;
				IPHONEOS_DEPLOYMENT_TARGET = 13.4;
				LD_RUNPATH_SEARCH_PATHS = (
					"$(inherited)",
					"@executable_path/Frameworks",
					"@loader_path/Frameworks",
				);
				PRODUCT_BUNDLE_IDENTIFIER = app.Ayanon.Fukui.TechMonsterTests;
				PRODUCT_NAME = "$(TARGET_NAME)";
				SWIFT_VERSION = 5.0;
				TARGETED_DEVICE_FAMILY = "1,2";
				TEST_HOST = "$(BUILT_PRODUCTS_DIR)/TechMonster.app/TechMonster";
			};
			name = Release;
		};
		EF8A6C81246BBAA600039DE6 /* Debug */ = {
			isa = XCBuildConfiguration;
			buildSettings = {
				ALWAYS_EMBED_SWIFT_STANDARD_LIBRARIES = YES;
				CODE_SIGN_STYLE = Automatic;
				DEVELOPMENT_TEAM = DAY2YVU369;
				INFOPLIST_FILE = TechMonsterUITests/Info.plist;
				LD_RUNPATH_SEARCH_PATHS = (
					"$(inherited)",
					"@executable_path/Frameworks",
					"@loader_path/Frameworks",
				);
				PRODUCT_BUNDLE_IDENTIFIER = app.Ayanon.Fukui.TechMonsterUITests;
				PRODUCT_NAME = "$(TARGET_NAME)";
				SWIFT_VERSION = 5.0;
				TARGETED_DEVICE_FAMILY = "1,2";
				TEST_TARGET_NAME = TechMonster;
			};
			name = Debug;
		};
		EF8A6C82246BBAA600039DE6 /* Release */ = {
			isa = XCBuildConfiguration;
			buildSettings = {
				ALWAYS_EMBED_SWIFT_STANDARD_LIBRARIES = YES;
				CODE_SIGN_STYLE = Automatic;
				DEVELOPMENT_TEAM = DAY2YVU369;
				INFOPLIST_FILE = TechMonsterUITests/Info.plist;
				LD_RUNPATH_SEARCH_PATHS = (
					"$(inherited)",
					"@executable_path/Frameworks",
					"@loader_path/Frameworks",
				);
				PRODUCT_BUNDLE_IDENTIFIER = app.Ayanon.Fukui.TechMonsterUITests;
				PRODUCT_NAME = "$(TARGET_NAME)";
				SWIFT_VERSION = 5.0;
				TARGETED_DEVICE_FAMILY = "1,2";
				TEST_TARGET_NAME = TechMonster;
			};
			name = Release;
		};
/* End XCBuildConfiguration section */

/* Begin XCConfigurationList section */
		EF8A6C4B246BBAA200039DE6 /* Build configuration list for PBXProject "TechMonster" */ = {
			isa = XCConfigurationList;
			buildConfigurations = (
				EF8A6C78246BBAA600039DE6 /* Debug */,
				EF8A6C79246BBAA600039DE6 /* Release */,
			);
			defaultConfigurationIsVisible = 0;
			defaultConfigurationName = Release;
		};
		EF8A6C7A246BBAA600039DE6 /* Build configuration list for PBXNativeTarget "TechMonster" */ = {
			isa = XCConfigurationList;
			buildConfigurations = (
				EF8A6C7B246BBAA600039DE6 /* Debug */,
				EF8A6C7C246BBAA600039DE6 /* Release */,
			);
			defaultConfigurationIsVisible = 0;
			defaultConfigurationName = Release;
		};
		EF8A6C7D246BBAA600039DE6 /* Build configuration list for PBXNativeTarget "TechMonsterTests" */ = {
			isa = XCConfigurationList;
			buildConfigurations = (
				EF8A6C7E246BBAA600039DE6 /* Debug */,
				EF8A6C7F246BBAA600039DE6 /* Release */,
			);
			defaultConfigurationIsVisible = 0;
			defaultConfigurationName = Release;
		};
		EF8A6C80246BBAA600039DE6 /* Build configuration list for PBXNativeTarget "TechMonsterUITests" */ = {
			isa = XCConfigurationList;
			buildConfigurations = (
				EF8A6C81246BBAA600039DE6 /* Debug */,
				EF8A6C82246BBAA600039DE6 /* Release */,
			);
			defaultConfigurationIsVisible = 0;
			defaultConfigurationName = Release;
		};
/* End XCConfigurationList section */
	};
	rootObject = EF8A6C48246BBAA200039DE6 /* Project object */;
}
